
Microsoft Visual Studio Solution File, Format Version 12.00
# Visual Studio Version 16
VisualStudioVersion = 16.0.28922.388
MinimumVisualStudioVersion = 10.0.40219.1
Project("{FAE04EC0-301F-11D3-BF4B-00C04F79EFBC}") = "New TicTacToe Alain", "New TicTacToe Alain\New TicTacToe Alain.csproj", "{939FFECA-36A4-43BA-8A60-570329591B6F}"
EndProject
Global
	GlobalSection(SolutionConfigurationPlatforms) = preSolution
		Debug|Any CPU = Debug|Any CPU
		Release|Any CPU = Release|Any CPU
	EndGlobalSection
	GlobalSection(ProjectConfigurationPlatforms) = postSolution
		{939FFECA-36A4-43BA-8A60-570329591B6F}.Debug|Any CPU.ActiveCfg = Debug|Any CPU
		{939FFECA-36A4-43BA-8A60-570329591B6F}.Debug|Any CPU.Build.0 = Debug|Any CPU
		{939FFECA-36A4-43BA-8A60-570329591B6F}.Release|Any CPU.ActiveCfg = Release|Any CPU
		{939FFECA-36A4-43BA-8A60-570329591B6F}.Release|Any CPU.Build.0 = Release|Any CPU
	EndGlobalSection
	GlobalSection(SolutionProperties) = preSolution
		HideSolutionNode = FALSE
	EndGlobalSection
	GlobalSection(ExtensibilityGlobals) = postSolution
		SolutionGuid = {C1E17D58-B6E4-420B-A0BA-95476961EF9F}
	EndGlobalSection
EndGlobal
